
Microsoft Visual Studio Solution File, Format Version 12.00
# Visual Studio Version 16
VisualStudioVersion = 16.0.29306.81
MinimumVisualStudioVersion = 10.0.40219.1
Project("{FAE04EC0-301F-11D3-BF4B-00C04F79EFBC}") = "Geef een getal in", "Geef een getal in\Geef een getal in.csproj", "{AFE6A45B-52A6-4E8E-8968-148B3DCF14AB}"
EndProject
Global
	GlobalSection(SolutionConfigurationPlatforms) = preSolution
		Debug|Any CPU = Debug|Any CPU
		Release|Any CPU = Release|Any CPU
	EndGlobalSection
	GlobalSection(ProjectConfigurationPlatforms) = postSolution
		{AFE6A45B-52A6-4E8E-8968-148B3DCF14AB}.Debug|Any CPU.ActiveCfg = Debug|Any CPU
		{AFE6A45B-52A6-4E8E-8968-148B3DCF14AB}.Debug|Any CPU.Build.0 = Debug|Any CPU
		{AFE6A45B-52A6-4E8E-8968-148B3DCF14AB}.Release|Any CPU.ActiveCfg = Release|Any CPU
		{AFE6A45B-52A6-4E8E-8968-148B3DCF14AB}.Release|Any CPU.Build.0 = Release|Any CPU
	EndGlobalSection
	GlobalSection(SolutionProperties) = preSolution
		HideSolutionNode = FALSE
	EndGlobalSection
	GlobalSection(ExtensibilityGlobals) = postSolution
		SolutionGuid = {4A96C991-1F04-48A8-B553-4ABA3A566EE8}
	EndGlobalSection
EndGlobal
