
Microsoft Visual Studio Solution File, Format Version 12.00
# Visual Studio Version 16
VisualStudioVersion = 16.0.29306.81
MinimumVisualStudioVersion = 10.0.40219.1
Project("{FAE04EC0-301F-11D3-BF4B-00C04F79EFBC}") = "IMDB GUI", "IMDB GUI\IMDB GUI.csproj", "{B8ED2BD1-7EF0-4743-810C-31365926828B}"
EndProject
Global
	GlobalSection(SolutionConfigurationPlatforms) = preSolution
		Debug|Any CPU = Debug|Any CPU
		Release|Any CPU = Release|Any CPU
	EndGlobalSection
	GlobalSection(ProjectConfigurationPlatforms) = postSolution
		{B8ED2BD1-7EF0-4743-810C-31365926828B}.Debug|Any CPU.ActiveCfg = Debug|Any CPU
		{B8ED2BD1-7EF0-4743-810C-31365926828B}.Debug|Any CPU.Build.0 = Debug|Any CPU
		{B8ED2BD1-7EF0-4743-810C-31365926828B}.Release|Any CPU.ActiveCfg = Release|Any CPU
		{B8ED2BD1-7EF0-4743-810C-31365926828B}.Release|Any CPU.Build.0 = Release|Any CPU
	EndGlobalSection
	GlobalSection(SolutionProperties) = preSolution
		HideSolutionNode = FALSE
	EndGlobalSection
	GlobalSection(ExtensibilityGlobals) = postSolution
		SolutionGuid = {46E09005-96F2-4318-98C1-3D79C7CB15C3}
	EndGlobalSection
EndGlobal
