
Microsoft Visual Studio Solution File, Format Version 12.00
# Visual Studio Version 16
VisualStudioVersion = 16.0.29306.81
MinimumVisualStudioVersion = 10.0.40219.1
Project("{FAE04EC0-301F-11D3-BF4B-00C04F79EFBC}") = "Extra oef 1", "Extra oef 1\Extra oef 1.csproj", "{6BFCAA4E-27E7-4707-A0F5-994BCD701F80}"
EndProject
Global
	GlobalSection(SolutionConfigurationPlatforms) = preSolution
		Debug|Any CPU = Debug|Any CPU
		Release|Any CPU = Release|Any CPU
	EndGlobalSection
	GlobalSection(ProjectConfigurationPlatforms) = postSolution
		{6BFCAA4E-27E7-4707-A0F5-994BCD701F80}.Debug|Any CPU.ActiveCfg = Debug|Any CPU
		{6BFCAA4E-27E7-4707-A0F5-994BCD701F80}.Debug|Any CPU.Build.0 = Debug|Any CPU
		{6BFCAA4E-27E7-4707-A0F5-994BCD701F80}.Release|Any CPU.ActiveCfg = Release|Any CPU
		{6BFCAA4E-27E7-4707-A0F5-994BCD701F80}.Release|Any CPU.Build.0 = Release|Any CPU
	EndGlobalSection
	GlobalSection(SolutionProperties) = preSolution
		HideSolutionNode = FALSE
	EndGlobalSection
	GlobalSection(ExtensibilityGlobals) = postSolution
		SolutionGuid = {CE5FBB18-FDA6-4E5E-AB56-ACBD38FF6F05}
	EndGlobalSection
EndGlobal
