
Microsoft Visual Studio Solution File, Format Version 12.00
# Visual Studio Version 16
VisualStudioVersion = 16.0.29306.81
MinimumVisualStudioVersion = 10.0.40219.1
Project("{FAE04EC0-301F-11D3-BF4B-00C04F79EFBC}") = "Sportwagens GUI", "Sportwagens GUI\Sportwagens GUI.csproj", "{F4A20A2C-55B1-44F5-9108-741AB05E852B}"
EndProject
Global
	GlobalSection(SolutionConfigurationPlatforms) = preSolution
		Debug|Any CPU = Debug|Any CPU
		Release|Any CPU = Release|Any CPU
	EndGlobalSection
	GlobalSection(ProjectConfigurationPlatforms) = postSolution
		{F4A20A2C-55B1-44F5-9108-741AB05E852B}.Debug|Any CPU.ActiveCfg = Debug|Any CPU
		{F4A20A2C-55B1-44F5-9108-741AB05E852B}.Debug|Any CPU.Build.0 = Debug|Any CPU
		{F4A20A2C-55B1-44F5-9108-741AB05E852B}.Release|Any CPU.ActiveCfg = Release|Any CPU
		{F4A20A2C-55B1-44F5-9108-741AB05E852B}.Release|Any CPU.Build.0 = Release|Any CPU
	EndGlobalSection
	GlobalSection(SolutionProperties) = preSolution
		HideSolutionNode = FALSE
	EndGlobalSection
	GlobalSection(ExtensibilityGlobals) = postSolution
		SolutionGuid = {F7ED33D9-8C4B-45AA-8A7C-AC15D1F8E06C}
	EndGlobalSection
EndGlobal
