
Microsoft Visual Studio Solution File, Format Version 12.00
# Visual Studio Version 16
VisualStudioVersion = 16.0.29306.81
MinimumVisualStudioVersion = 10.0.40219.1
Project("{FAE04EC0-301F-11D3-BF4B-00C04F79EFBC}") = "Vluchten", "Vluchten\Vluchten.csproj", "{84D63F8A-21BE-4EC8-87E9-CEEBA326B7ED}"
EndProject
Global
	GlobalSection(SolutionConfigurationPlatforms) = preSolution
		Debug|Any CPU = Debug|Any CPU
		Release|Any CPU = Release|Any CPU
	EndGlobalSection
	GlobalSection(ProjectConfigurationPlatforms) = postSolution
		{84D63F8A-21BE-4EC8-87E9-CEEBA326B7ED}.Debug|Any CPU.ActiveCfg = Debug|Any CPU
		{84D63F8A-21BE-4EC8-87E9-CEEBA326B7ED}.Debug|Any CPU.Build.0 = Debug|Any CPU
		{84D63F8A-21BE-4EC8-87E9-CEEBA326B7ED}.Release|Any CPU.ActiveCfg = Release|Any CPU
		{84D63F8A-21BE-4EC8-87E9-CEEBA326B7ED}.Release|Any CPU.Build.0 = Release|Any CPU
	EndGlobalSection
	GlobalSection(SolutionProperties) = preSolution
		HideSolutionNode = FALSE
	EndGlobalSection
	GlobalSection(ExtensibilityGlobals) = postSolution
		SolutionGuid = {3EAD36D8-E5C2-4165-B699-95A7500B95A7}
	EndGlobalSection
EndGlobal
